// !$*UTF8*$!
{
	archiveVersion = 1;
	classes = {
	};
	objectVersion = 50;
	objects = {

/* Begin PBXBuildFile section */
		6A76FC220AC607CDB3BF40D1 /* Pods_Todoey.framework in Frameworks */ = {isa = PBXBuildFile; fileRef = 2B8A1389533CB1E011A890AE /* Pods_Todoey.framework */; };
		800B7E48213C629E0053A905 /* AppDelegate.swift in Sources */ = {isa = PBXBuildFile; fileRef = 800B7E47213C629E0053A905 /* AppDelegate.swift */; };
		800B7E4A213C629E0053A905 /* TodoListViewController.swift in Sources */ = {isa = PBXBuildFile; fileRef = 800B7E49213C629E0053A905 /* TodoListViewController.swift */; };
		800B7E4D213C629E0053A905 /* Main.storyboard in Resources */ = {isa = PBXBuildFile; fileRef = 800B7E4B213C629E0053A905 /* Main.storyboard */; };
		800B7E4F213C629F0053A905 /* Assets.xcassets in Resources */ = {isa = PBXBuildFile; fileRef = 800B7E4E213C629F0053A905 /* Assets.xcassets */; };
		800B7E52213C629F0053A905 /* LaunchScreen.storyboard in Resources */ = {isa = PBXBuildFile; fileRef = 800B7E50213C629F0053A905 /* LaunchScreen.storyboard */; };
		809E075E2141152C007EB4D3 /* CategoryViewController.swift in Sources */ = {isa = PBXBuildFile; fileRef = 809E075D2141152C007EB4D3 /* CategoryViewController.swift */; };
		809E0762214151C4007EB4D3 /* Item.swift in Sources */ = {isa = PBXBuildFile; fileRef = 809E0761214151C4007EB4D3 /* Item.swift */; };
		809E0764214151D5007EB4D3 /* Category.swift in Sources */ = {isa = PBXBuildFile; fileRef = 809E0763214151D5007EB4D3 /* Category.swift */; };
		80CCB70B2141BCF9001CE8EE /* SwipeTableViewController.swift in Sources */ = {isa = PBXBuildFile; fileRef = 80CCB70A2141BCF9001CE8EE /* SwipeTableViewController.swift */; };
/* End PBXBuildFile section */

/* Begin PBXFileReference section */
		1C069D93C184A8E915DCCCF2 /* Pods-Todoey.debug.xcconfig */ = {isa = PBXFileReference; includeInIndex = 1; lastKnownFileType = text.xcconfig; name = "Pods-Todoey.debug.xcconfig"; path = "Pods/Target Support Files/Pods-Todoey/Pods-Todoey.debug.xcconfig"; sourceTree = "<group>"; };
		2B8A1389533CB1E011A890AE /* Pods_Todoey.framework */ = {isa = PBXFileReference; explicitFileType = wrapper.framework; includeInIndex = 0; path = Pods_Todoey.framework; sourceTree = BUILT_PRODUCTS_DIR; };
		800B7E44213C629E0053A905 /* Todoey.app */ = {isa = PBXFileReference; explicitFileType = wrapper.application; includeInIndex = 0; path = Todoey.app; sourceTree = BUILT_PRODUCTS_DIR; };
		800B7E47213C629E0053A905 /* AppDelegate.swift */ = {isa = PBXFileReference; lastKnownFileType = sourcecode.swift; path = AppDelegate.swift; sourceTree = "<group>"; };
		800B7E49213C629E0053A905 /* TodoListViewController.swift */ = {isa = PBXFileReference; lastKnownFileType = sourcecode.swift; path = TodoListViewController.swift; sourceTree = "<group>"; };
		800B7E4C213C629E0053A905 /* Base */ = {isa = PBXFileReference; lastKnownFileType = file.storyboard; name = Base; path = Base.lproj/Main.storyboard; sourceTree = "<group>"; };
		800B7E4E213C629F0053A905 /* Assets.xcassets */ = {isa = PBXFileReference; lastKnownFileType = folder.assetcatalog; path = Assets.xcassets; sourceTree = "<group>"; };
		800B7E51213C629F0053A905 /* Base */ = {isa = PBXFileReference; lastKnownFileType = file.storyboard; name = Base; path = Base.lproj/LaunchScreen.storyboard; sourceTree = "<group>"; };
		800B7E53213C629F0053A905 /* Info.plist */ = {isa = PBXFileReference; lastKnownFileType = text.plist.xml; path = Info.plist; sourceTree = "<group>"; };
		809E075D2141152C007EB4D3 /* CategoryViewController.swift */ = {isa = PBXFileReference; lastKnownFileType = sourcecode.swift; path = CategoryViewController.swift; sourceTree = "<group>"; };
		809E0761214151C4007EB4D3 /* Item.swift */ = {isa = PBXFileReference; lastKnownFileType = sourcecode.swift; path = Item.swift; sourceTree = "<group>"; };
		809E0763214151D5007EB4D3 /* Category.swift */ = {isa = PBXFileReference; lastKnownFileType = sourcecode.swift; path = Category.swift; sourceTree = "<group>"; };
		80CCB70A2141BCF9001CE8EE /* SwipeTableViewController.swift */ = {isa = PBXFileReference; lastKnownFileType = sourcecode.swift; path = SwipeTableViewController.swift; sourceTree = "<group>"; };
		F092CBDC6F463064C6F52FC8 /* Pods-Todoey.release.xcconfig */ = {isa = PBXFileReference; includeInIndex = 1; lastKnownFileType = text.xcconfig; name = "Pods-Todoey.release.xcconfig"; path = "Pods/Target Support Files/Pods-Todoey/Pods-Todoey.release.xcconfig"; sourceTree = "<group>"; };
/* End PBXFileReference section */

/* Begin PBXFrameworksBuildPhase section */
		800B7E41213C629E0053A905 /* Frameworks */ = {
			isa = PBXFrameworksBuildPhase;
			buildActionMask = 2147483647;
			files = (
				6A76FC220AC607CDB3BF40D1 /* Pods_Todoey.framework in Frameworks */,
			);
			runOnlyForDeploymentPostprocessing = 0;
		};
/* End PBXFrameworksBuildPhase section */

/* Begin PBXGroup section */
		800B7E3B213C629E0053A905 = {
			isa = PBXGroup;
			children = (
				800B7E46213C629E0053A905 /* Todoey */,
				800B7E45213C629E0053A905 /* Products */,
				96B89A950E6CCBB48AFD731D /* Pods */,
				A79A7BD2FA9336CAFE1098DE /* Frameworks */,
			);
			sourceTree = "<group>";
		};
		800B7E45213C629E0053A905 /* Products */ = {
			isa = PBXGroup;
			children = (
				800B7E44213C629E0053A905 /* Todoey.app */,
			);
			name = Products;
			sourceTree = "<group>";
		};
		800B7E46213C629E0053A905 /* Todoey */ = {
			isa = PBXGroup;
			children = (
				800B7E5E213DCD4B0053A905 /* SupportingFiles */,
				800B7E5D213DCD420053A905 /* View */,
				800B7E5C213DCD330053A905 /* Controller */,
				800B7E5B213DCD290053A905 /* DataModel */,
				800B7E47213C629E0053A905 /* AppDelegate.swift */,
				800B7E53213C629F0053A905 /* Info.plist */,
			);
			path = Todoey;
			sourceTree = "<group>";
		};
		800B7E5B213DCD290053A905 /* DataModel */ = {
			isa = PBXGroup;
			children = (
				809E0761214151C4007EB4D3 /* Item.swift */,
				809E0763214151D5007EB4D3 /* Category.swift */,
			);
			path = DataModel;
			sourceTree = "<group>";
		};
		800B7E5C213DCD330053A905 /* Controller */ = {
			isa = PBXGroup;
			children = (
				809E075D2141152C007EB4D3 /* CategoryViewController.swift */,
				800B7E49213C629E0053A905 /* TodoListViewController.swift */,
				80CCB70A2141BCF9001CE8EE /* SwipeTableViewController.swift */,
			);
			path = Controller;
			sourceTree = "<group>";
		};
		800B7E5D213DCD420053A905 /* View */ = {
			isa = PBXGroup;
			children = (
				800B7E4B213C629E0053A905 /* Main.storyboard */,
			);
			path = View;
			sourceTree = "<group>";
		};
		800B7E5E213DCD4B0053A905 /* SupportingFiles */ = {
			isa = PBXGroup;
			children = (
				800B7E4E213C629F0053A905 /* Assets.xcassets */,
				800B7E50213C629F0053A905 /* LaunchScreen.storyboard */,
			);
			path = SupportingFiles;
			sourceTree = "<group>";
		};
		96B89A950E6CCBB48AFD731D /* Pods */ = {
			isa = PBXGroup;
			children = (
				1C069D93C184A8E915DCCCF2 /* Pods-Todoey.debug.xcconfig */,
				F092CBDC6F463064C6F52FC8 /* Pods-Todoey.release.xcconfig */,
			);
			name = Pods;
			sourceTree = "<group>";
		};
		A79A7BD2FA9336CAFE1098DE /* Frameworks */ = {
			isa = PBXGroup;
			children = (
				2B8A1389533CB1E011A890AE /* Pods_Todoey.framework */,
			);
			name = Frameworks;
			sourceTree = "<group>";
		};
/* End PBXGroup section */

/* Begin PBXNativeTarget section */
		800B7E43213C629E0053A905 /* Todoey */ = {
			isa = PBXNativeTarget;
			buildConfigurationList = 800B7E56213C629F0053A905 /* Build configuration list for PBXNativeTarget "Todoey" */;
			buildPhases = (
				3D726ECBA6F3735DC6775387 /* [CP] Check Pods Manifest.lock */,
				800B7E40213C629E0053A905 /* Sources */,
				800B7E41213C629E0053A905 /* Frameworks */,
				800B7E42213C629E0053A905 /* Resources */,
				407494B1EAD67CD9E35EAE00 /* [CP] Embed Pods Frameworks */,
			);
			buildRules = (
			);
			dependencies = (
			);
			name = Todoey;
			productName = Todoey;
			productReference = 800B7E44213C629E0053A905 /* Todoey.app */;
			productType = "com.apple.product-type.application";
		};
/* End PBXNativeTarget section */

/* Begin PBXProject section */
		800B7E3C213C629E0053A905 /* Project object */ = {
			isa = PBXProject;
			attributes = {
				LastSwiftUpdateCheck = 0940;
				LastUpgradeCheck = 0940;
				ORGANIZATIONNAME = "Vivek Rai";
				TargetAttributes = {
					800B7E43213C629E0053A905 = {
						CreatedOnToolsVersion = 9.4.1;
					};
				};
			};
			buildConfigurationList = 800B7E3F213C629E0053A905 /* Build configuration list for PBXProject "Todoey" */;
			compatibilityVersion = "Xcode 9.3";
			developmentRegion = en;
			hasScannedForEncodings = 0;
			knownRegions = (
				en,
				Base,
			);
			mainGroup = 800B7E3B213C629E0053A905;
			productRefGroup = 800B7E45213C629E0053A905 /* Products */;
			projectDirPath = "";
			projectRoot = "";
			targets = (
				800B7E43213C629E0053A905 /* Todoey */,
			);
		};
/* End PBXProject section */

/* Begin PBXResourcesBuildPhase section */
		800B7E42213C629E0053A905 /* Resources */ = {
			isa = PBXResourcesBuildPhase;
			buildActionMask = 2147483647;
			files = (
				800B7E52213C629F0053A905 /* LaunchScreen.storyboard in Resources */,
				800B7E4F213C629F0053A905 /* Assets.xcassets in Resources */,
				800B7E4D213C629E0053A905 /* Main.storyboard in Resources */,
			);
			runOnlyForDeploymentPostprocessing = 0;
		};
/* End PBXResourcesBuildPhase section */

/* Begin PBXShellScriptBuildPhase section */
		3D726ECBA6F3735DC6775387 /* [CP] Check Pods Manifest.lock */ = {
			isa = PBXShellScriptBuildPhase;
			buildActionMask = 2147483647;
			files = (
			);
			inputPaths = (
				"${PODS_PODFILE_DIR_PATH}/Podfile.lock",
				"${PODS_ROOT}/Manifest.lock",
			);
			name = "[CP] Check Pods Manifest.lock";
			outputPaths = (
				"$(DERIVED_FILE_DIR)/Pods-Todoey-checkManifestLockResult.txt",
			);
			runOnlyForDeploymentPostprocessing = 0;
			shellPath = /bin/sh;
			shellScript = "diff \"${PODS_PODFILE_DIR_PATH}/Podfile.lock\" \"${PODS_ROOT}/Manifest.lock\" > /dev/null\nif [ $? != 0 ] ; then\n    # print error to STDERR\n    echo \"error: The sandbox is not in sync with the Podfile.lock. Run 'pod install' or update your CocoaPods installation.\" >&2\n    exit 1\nfi\n# This output is used by Xcode 'outputs' to avoid re-running this script phase.\necho \"SUCCESS\" > \"${SCRIPT_OUTPUT_FILE_0}\"\n";
			showEnvVarsInLog = 0;
		};
		407494B1EAD67CD9E35EAE00 /* [CP] Embed Pods Frameworks */ = {
			isa = PBXShellScriptBuildPhase;
			buildActionMask = 2147483647;
			files = (
			);
			inputPaths = (
				"${SRCROOT}/Pods/Target Support Files/Pods-Todoey/Pods-Todoey-frameworks.sh",
				"${BUILT_PRODUCTS_DIR}/ChameleonFramework/ChameleonFramework.framework",
				"${BUILT_PRODUCTS_DIR}/Realm/Realm.framework",
				"${BUILT_PRODUCTS_DIR}/RealmSwift/RealmSwift.framework",
				"${BUILT_PRODUCTS_DIR}/SwipeCellKit/SwipeCellKit.framework",
			);
			name = "[CP] Embed Pods Frameworks";
			outputPaths = (
				"${TARGET_BUILD_DIR}/${FRAMEWORKS_FOLDER_PATH}/ChameleonFramework.framework",
				"${TARGET_BUILD_DIR}/${FRAMEWORKS_FOLDER_PATH}/Realm.framework",
				"${TARGET_BUILD_DIR}/${FRAMEWORKS_FOLDER_PATH}/RealmSwift.framework",
				"${TARGET_BUILD_DIR}/${FRAMEWORKS_FOLDER_PATH}/SwipeCellKit.framework",
			);
			runOnlyForDeploymentPostprocessing = 0;
			shellPath = /bin/sh;
			shellScript = "\"${SRCROOT}/Pods/Target Support Files/Pods-Todoey/Pods-Todoey-frameworks.sh\"\n";
			showEnvVarsInLog = 0;
		};
/* End PBXShellScriptBuildPhase section */

/* Begin PBXSourcesBuildPhase section */
		800B7E40213C629E0053A905 /* Sources */ = {
			isa = PBXSourcesBuildPhase;
			buildActionMask = 2147483647;
			files = (
				809E0762214151C4007EB4D3 /* Item.swift in Sources */,
				809E075E2141152C007EB4D3 /* CategoryViewController.swift in Sources */,
				800B7E4A213C629E0053A905 /* TodoListViewController.swift in Sources */,
				800B7E48213C629E0053A905 /* AppDelegate.swift in Sources */,
				80CCB70B2141BCF9001CE8EE /* SwipeTableViewController.swift in Sources */,
				809E0764214151D5007EB4D3 /* Category.swift in Sources */,
			);
			runOnlyForDeploymentPostprocessing = 0;
		};
/* End PBXSourcesBuildPhase section */

/* Begin PBXVariantGroup section */
		800B7E4B213C629E0053A905 /* Main.storyboard */ = {
			isa = PBXVariantGroup;
			children = (
				800B7E4C213C629E0053A905 /* Base */,
			);
			name = Main.storyboard;
			sourceTree = "<group>";
		};
		800B7E50213C629F0053A905 /* LaunchScreen.storyboard */ = {
			isa = PBXVariantGroup;
			children = (
				800B7E51213C629F0053A905 /* Base */,
			);
			name = LaunchScreen.storyboard;
			sourceTree = "<group>";
		};
/* End PBXVariantGroup section */

/* Begin XCBuildConfiguration section */
		800B7E54213C629F0053A905 /* Debug */ = {
			isa = XCBuildConfiguration;
			buildSettings = {
				ALWAYS_SEARCH_USER_PATHS = NO;
				CLANG_ANALYZER_NONNULL = YES;
				CLANG_ANALYZER_NUMBER_OBJECT_CONVERSION = YES_AGGRESSIVE;
				CLANG_CXX_LANGUAGE_STANDARD = "gnu++14";
				CLANG_CXX_LIBRARY = "libc++";
				CLANG_ENABLE_MODULES = YES;
				CLANG_ENABLE_OBJC_ARC = YES;
				CLANG_ENABLE_OBJC_WEAK = YES;
				CLANG_WARN_BLOCK_CAPTURE_AUTORELEASING = YES;
				CLANG_WARN_BOOL_CONVERSION = YES;
				CLANG_WARN_COMMA = YES;
				CLANG_WARN_CONSTANT_CONVERSION = YES;
				CLANG_WARN_DEPRECATED_OBJC_IMPLEMENTATIONS = YES;
				CLANG_WARN_DIRECT_OBJC_ISA_USAGE = YES_ERROR;
				CLANG_WARN_DOCUMENTATION_COMMENTS = YES;
				CLANG_WARN_EMPTY_BODY = YES;
				CLANG_WARN_ENUM_CONVERSION = YES;
				CLANG_WARN_INFINITE_RECURSION = YES;
				CLANG_WARN_INT_CONVERSION = YES;
				CLANG_WARN_NON_LITERAL_NULL_CONVERSION = YES;
				CLANG_WARN_OBJC_IMPLICIT_RETAIN_SELF = YES;
				CLANG_WARN_OBJC_LITERAL_CONVERSION = YES;
				CLANG_WARN_OBJC_ROOT_CLASS = YES_ERROR;
				CLANG_WARN_RANGE_LOOP_ANALYSIS = YES;
				CLANG_WARN_STRICT_PROTOTYPES = YES;
				CLANG_WARN_SUSPICIOUS_MOVE = YES;
				CLANG_WARN_UNGUARDED_AVAILABILITY = YES_AGGRESSIVE;
				CLANG_WARN_UNREACHABLE_CODE = YES;
				CLANG_WARN__DUPLICATE_METHOD_MATCH = YES;
				CODE_SIGN_IDENTITY = "iPhone Developer";
				COPY_PHASE_STRIP = NO;
				DEBUG_INFORMATION_FORMAT = dwarf;
				ENABLE_STRICT_OBJC_MSGSEND = YES;
				ENABLE_TESTABILITY = YES;
				GCC_C_LANGUAGE_STANDARD = gnu11;
				GCC_DYNAMIC_NO_PIC = NO;
				GCC_NO_COMMON_BLOCKS = YES;
				GCC_OPTIMIZATION_LEVEL = 0;
				GCC_PREPROCESSOR_DEFINITIONS = (
					"DEBUG=1",
					"$(inherited)",
				);
				GCC_WARN_64_TO_32_BIT_CONVERSION = YES;
				GCC_WARN_ABOUT_RETURN_TYPE = YES_ERROR;
				GCC_WARN_UNDECLARED_SELECTOR = YES;
				GCC_WARN_UNINITIALIZED_AUTOS = YES_AGGRESSIVE;
				GCC_WARN_UNUSED_FUNCTION = YES;
				GCC_WARN_UNUSED_VARIABLE = YES;
				IPHONEOS_DEPLOYMENT_TARGET = 11.4;
				MTL_ENABLE_DEBUG_INFO = YES;
				ONLY_ACTIVE_ARCH = YES;
				SDKROOT = iphoneos;
				SWIFT_ACTIVE_COMPILATION_CONDITIONS = DEBUG;
				SWIFT_OPTIMIZATION_LEVEL = "-Onone";
			};
			name = Debug;
		};
		800B7E55213C629F0053A905 /* Release */ = {
			isa = XCBuildConfiguration;
			buildSettings = {
				ALWAYS_SEARCH_USER_PATHS = NO;
				CLANG_ANALYZER_NONNULL = YES;
				CLANG_ANALYZER_NUMBER_OBJECT_CONVERSION = YES_AGGRESSIVE;
				CLANG_CXX_LANGUAGE_STANDARD = "gnu++14";
				CLANG_CXX_LIBRARY = "libc++";
				CLANG_ENABLE_MODULES = YES;
				CLANG_ENABLE_OBJC_ARC = YES;
				CLANG_ENABLE_OBJC_WEAK = YES;
				CLANG_WARN_BLOCK_CAPTURE_AUTORELEASING = YES;
				CLANG_WARN_BOOL_CONVERSION = YES;
				CLANG_WARN_COMMA = YES;
				CLANG_WARN_CONSTANT_CONVERSION = YES;
				CLANG_WARN_DEPRECATED_OBJC_IMPLEMENTATIONS = YES;
				CLANG_WARN_DIRECT_OBJC_ISA_USAGE = YES_ERROR;
				CLANG_WARN_DOCUMENTATION_COMMENTS = YES;
				CLANG_WARN_EMPTY_BODY = YES;
				CLANG_WARN_ENUM_CONVERSION = YES;
				CLANG_WARN_INFINITE_RECURSION = YES;
				CLANG_WARN_INT_CONVERSION = YES;
				CLANG_WARN_NON_LITERAL_NULL_CONVERSION = YES;
				CLANG_WARN_OBJC_IMPLICIT_RETAIN_SELF = YES;
				CLANG_WARN_OBJC_LITERAL_CONVERSION = YES;
				CLANG_WARN_OBJC_ROOT_CLASS = YES_ERROR;
				CLANG_WARN_RANGE_LOOP_ANALYSIS = YES;
				CLANG_WARN_STRICT_PROTOTYPES = YES;
				CLANG_WARN_SUSPICIOUS_MOVE = YES;
				CLANG_WARN_UNGUARDED_AVAILABILITY = YES_AGGRESSIVE;
				CLANG_WARN_UNREACHABLE_CODE = YES;
				CLANG_WARN__DUPLICATE_METHOD_MATCH = YES;
				CODE_SIGN_IDENTITY = "iPhone Developer";
				COPY_PHASE_STRIP = NO;
				DEBUG_INFORMATION_FORMAT = "dwarf-with-dsym";
				ENABLE_NS_ASSERTIONS = NO;
				ENABLE_STRICT_OBJC_MSGSEND = YES;
				GCC_C_LANGUAGE_STANDARD = gnu11;
				GCC_NO_COMMON_BLOCKS = YES;
				GCC_WARN_64_TO_32_BIT_CONVERSION = YES;
				GCC_WARN_ABOUT_RETURN_TYPE = YES_ERROR;
				GCC_WARN_UNDECLARED_SELECTOR = YES;
				GCC_WARN_UNINITIALIZED_AUTOS = YES_AGGRESSIVE;
				GCC_WARN_UNUSED_FUNCTION = YES;
				GCC_WARN_UNUSED_VARIABLE = YES;
				IPHONEOS_DEPLOYMENT_TARGET = 11.4;
				MTL_ENABLE_DEBUG_INFO = NO;
				SDKROOT = iphoneos;
				SWIFT_COMPILATION_MODE = wholemodule;
				SWIFT_OPTIMIZATION_LEVEL = "-O";
				VALIDATE_PRODUCT = YES;
			};
			name = Release;
		};
		800B7E57213C629F0053A905 /* Debug */ = {
			isa = XCBuildConfiguration;
			baseConfigurationReference = 1C069D93C184A8E915DCCCF2 /* Pods-Todoey.debug.xcconfig */;
			buildSettings = {
				ASSETCATALOG_COMPILER_APPICON_NAME = AppIcon;
				CODE_SIGN_STYLE = Automatic;
				DEVELOPMENT_TEAM = X9VVW4ZPQS;
				INFOPLIST_FILE = Todoey/Info.plist;
				LD_RUNPATH_SEARCH_PATHS = (
					"$(inherited)",
					"@executable_path/Frameworks",
				);
				PRODUCT_BUNDLE_IDENTIFIER = com.vivekraimaddox.vivekrai.Todoey;
				PRODUCT_NAME = "$(TARGET_NAME)";
				SWIFT_VERSION = 4.0;
				TARGETED_DEVICE_FAMILY = "1,2";
			};
			name = Debug;
		};
		800B7E58213C629F0053A905 /* Release */ = {
			isa = XCBuildConfiguration;
			baseConfigurationReference = F092CBDC6F463064C6F52FC8 /* Pods-Todoey.release.xcconfig */;
			buildSettings = {
				ASSETCATALOG_COMPILER_APPICON_NAME = AppIcon;
				CODE_SIGN_STYLE = Automatic;
				DEVELOPMENT_TEAM = X9VVW4ZPQS;
				INFOPLIST_FILE = Todoey/Info.plist;
				LD_RUNPATH_SEARCH_PATHS = (
					"$(inherited)",
					"@executable_path/Frameworks",
				);
				PRODUCT_BUNDLE_IDENTIFIER = com.vivekraimaddox.vivekrai.Todoey;
				PRODUCT_NAME = "$(TARGET_NAME)";
				SWIFT_VERSION = 4.0;
				TARGETED_DEVICE_FAMILY = "1,2";
			};
			name = Release;
		};
/* End XCBuildConfiguration section */

/* Begin XCConfigurationList section */
		800B7E3F213C629E0053A905 /* Build configuration list for PBXProject "Todoey" */ = {
			isa = XCConfigurationList;
			buildConfigurations = (
				800B7E54213C629F0053A905 /* Debug */,
				800B7E55213C629F0053A905 /* Release */,
			);
			defaultConfigurationIsVisible = 0;
			defaultConfigurationName = Release;
		};
		800B7E56213C629F0053A905 /* Build configuration list for PBXNativeTarget "Todoey" */ = {
			isa = XCConfigurationList;
			buildConfigurations = (
				800B7E57213C629F0053A905 /* Debug */,
				800B7E58213C629F0053A905 /* Release */,
			);
			defaultConfigurationIsVisible = 0;
			defaultConfigurationName = Release;
		};
/* End XCConfigurationList section */
	};
	rootObject = 800B7E3C213C629E0053A905 /* Project object */;
}
